
Microsoft Visual Studio Solution File, Format Version 12.00
# Visual Studio 14
VisualStudioVersion = 14.0.25420.1
MinimumVisualStudioVersion = 10.0.40219.1
Project("{8BC9CEB8-8B4A-11D0-8D11-00A0C91BC942}") = "1_1", "1_1\1_1.vcxproj", "{3A6B5FD7-BFE2-439C-9B3A-3A9F1AD94395}"
EndProject
Project("{8BC9CEB8-8B4A-11D0-8D11-00A0C91BC942}") = "1_2", "1_2\1_2.vcxproj", "{C67888BA-9995-4BDF-AFC6-1CEF6F440DF4}"
EndProject
Project("{8BC9CEB8-8B4A-11D0-8D11-00A0C91BC942}") = "1_3", "1_3\1_3.vcxproj", "{B9A65D88-69F4-49DA-B2BA-D5FE1FFEE763}"
EndProject
Project("{8BC9CEB8-8B4A-11D0-8D11-00A0C91BC942}") = "1_4", "1_4\1_4.vcxproj", "{F4E79D40-A35C-4821-91B2-6056DC77263F}"
EndProject
Project("{8BC9CEB8-8B4A-11D0-8D11-00A0C91BC942}") = "1_5", "1_5\1_5.vcxproj", "{40568A11-BC55-4227-97B3-4B276B84613E}"
EndProject
Project("{8BC9CEB8-8B4A-11D0-8D11-00A0C91BC942}") = "1_6", "1_6\1_6.vcxproj", "{97B0F752-CB79-43FA-861E-2B28DE14EA58}"
EndProject
Global
	GlobalSection(SolutionConfigurationPlatforms) = preSolution
		Debug|x64 = Debug|x64
		Debug|x86 = Debug|x86
		Release|x64 = Release|x64
		Release|x86 = Release|x86
	EndGlobalSection
	GlobalSection(ProjectConfigurationPlatforms) = postSolution
		{3A6B5FD7-BFE2-439C-9B3A-3A9F1AD94395}.Debug|x64.ActiveCfg = Debug|x64
		{3A6B5FD7-BFE2-439C-9B3A-3A9F1AD94395}.Debug|x64.Build.0 = Debug|x64
		{3A6B5FD7-BFE2-439C-9B3A-3A9F1AD94395}.Debug|x86.ActiveCfg = Debug|Win32
		{3A6B5FD7-BFE2-439C-9B3A-3A9F1AD94395}.Debug|x86.Build.0 = Debug|Win32
		{3A6B5FD7-BFE2-439C-9B3A-3A9F1AD94395}.Release|x64.ActiveCfg = Release|x64
		{3A6B5FD7-BFE2-439C-9B3A-3A9F1AD94395}.Release|x64.Build.0 = Release|x64
		{3A6B5FD7-BFE2-439C-9B3A-3A9F1AD94395}.Release|x86.ActiveCfg = Release|Win32
		{3A6B5FD7-BFE2-439C-9B3A-3A9F1AD94395}.Release|x86.Build.0 = Release|Win32
		{C67888BA-9995-4BDF-AFC6-1CEF6F440DF4}.Debug|x64.ActiveCfg = Debug|x64
		{C67888BA-9995-4BDF-AFC6-1CEF6F440DF4}.Debug|x64.Build.0 = Debug|x64
		{C67888BA-9995-4BDF-AFC6-1CEF6F440DF4}.Debug|x86.ActiveCfg = Debug|Win32
		{C67888BA-9995-4BDF-AFC6-1CEF6F440DF4}.Debug|x86.Build.0 = Debug|Win32
		{C67888BA-9995-4BDF-AFC6-1CEF6F440DF4}.Release|x64.ActiveCfg = Release|x64
		{C67888BA-9995-4BDF-AFC6-1CEF6F440DF4}.Release|x64.Build.0 = Release|x64
		{C67888BA-9995-4BDF-AFC6-1CEF6F440DF4}.Release|x86.ActiveCfg = Release|Win32
		{C67888BA-9995-4BDF-AFC6-1CEF6F440DF4}.Release|x86.Build.0 = Release|Win32
		{B9A65D88-69F4-49DA-B2BA-D5FE1FFEE763}.Debug|x64.ActiveCfg = Debug|x64
		{B9A65D88-69F4-49DA-B2BA-D5FE1FFEE763}.Debug|x64.Build.0 = Debug|x64
		{B9A65D88-69F4-49DA-B2BA-D5FE1FFEE763}.Debug|x86.ActiveCfg = Debug|Win32
		{B9A65D88-69F4-49DA-B2BA-D5FE1FFEE763}.Debug|x86.Build.0 = Debug|Win32
		{B9A65D88-69F4-49DA-B2BA-D5FE1FFEE763}.Release|x64.ActiveCfg = Release|x64
		{B9A65D88-69F4-49DA-B2BA-D5FE1FFEE763}.Release|x64.Build.0 = Release|x64
		{B9A65D88-69F4-49DA-B2BA-D5FE1FFEE763}.Release|x86.ActiveCfg = Release|Win32
		{B9A65D88-69F4-49DA-B2BA-D5FE1FFEE763}.Release|x86.Build.0 = Release|Win32
		{F4E79D40-A35C-4821-91B2-6056DC77263F}.Debug|x64.ActiveCfg = Debug|x64
		{F4E79D40-A35C-4821-91B2-6056DC77263F}.Debug|x64.Build.0 = Debug|x64
		{F4E79D40-A35C-4821-91B2-6056DC77263F}.Debug|x86.ActiveCfg = Debug|Win32
		{F4E79D40-A35C-4821-91B2-6056DC77263F}.Debug|x86.Build.0 = Debug|Win32
		{F4E79D40-A35C-4821-91B2-6056DC77263F}.Release|x64.ActiveCfg = Release|x64
		{F4E79D40-A35C-4821-91B2-6056DC77263F}.Release|x64.Build.0 = Release|x64
		{F4E79D40-A35C-4821-91B2-6056DC77263F}.Release|x86.ActiveCfg = Release|Win32
		{F4E79D40-A35C-4821-91B2-6056DC77263F}.Release|x86.Build.0 = Release|Win32
		{40568A11-BC55-4227-97B3-4B276B84613E}.Debug|x64.ActiveCfg = Debug|x64
		{40568A11-BC55-4227-97B3-4B276B84613E}.Debug|x64.Build.0 = Debug|x64
		{40568A11-BC55-4227-97B3-4B276B84613E}.Debug|x86.ActiveCfg = Debug|Win32
		{40568A11-BC55-4227-97B3-4B276B84613E}.Debug|x86.Build.0 = Debug|Win32
		{40568A11-BC55-4227-97B3-4B276B84613E}.Release|x64.ActiveCfg = Release|x64
		{40568A11-BC55-4227-97B3-4B276B84613E}.Release|x64.Build.0 = Release|x64
		{40568A11-BC55-4227-97B3-4B276B84613E}.Release|x86.ActiveCfg = Release|Win32
		{40568A11-BC55-4227-97B3-4B276B84613E}.Release|x86.Build.0 = Release|Win32
		{97B0F752-CB79-43FA-861E-2B28DE14EA58}.Debug|x64.ActiveCfg = Debug|x64
		{97B0F752-CB79-43FA-861E-2B28DE14EA58}.Debug|x64.Build.0 = Debug|x64
		{97B0F752-CB79-43FA-861E-2B28DE14EA58}.Debug|x86.ActiveCfg = Debug|Win32
		{97B0F752-CB79-43FA-861E-2B28DE14EA58}.Debug|x86.Build.0 = Debug|Win32
		{97B0F752-CB79-43FA-861E-2B28DE14EA58}.Release|x64.ActiveCfg = Release|x64
		{97B0F752-CB79-43FA-861E-2B28DE14EA58}.Release|x64.Build.0 = Release|x64
		{97B0F752-CB79-43FA-861E-2B28DE14EA58}.Release|x86.ActiveCfg = Release|Win32
		{97B0F752-CB79-43FA-861E-2B28DE14EA58}.Release|x86.Build.0 = Release|Win32
	EndGlobalSection
	GlobalSection(SolutionProperties) = preSolution
		HideSolutionNode = FALSE
	EndGlobalSection
EndGlobal
